
Microsoft Visual Studio Solution File, Format Version 12.00
# Visual Studio Version 17
VisualStudioVersion = 17.8.34330.188
MinimumVisualStudioVersion = 10.0.40219.1
Project("{FAE04EC0-301F-11D3-BF4B-00C04F79EFBC}") = "AuditTrailTemplate", "AuditTrailTemplate\AuditTrailTemplate.csproj", "{94042968-0A1F-4092-8DD4-E00F0F0E524D}"
EndProject
Global
	GlobalSection(SolutionConfigurationPlatforms) = preSolution
		Debug|Any CPU = Debug|Any CPU
		Release|Any CPU = Release|Any CPU
	EndGlobalSection
	GlobalSection(ProjectConfigurationPlatforms) = postSolution
		{94042968-0A1F-4092-8DD4-E00F0F0E524D}.Debug|Any CPU.ActiveCfg = Debug|Any CPU
		{94042968-0A1F-4092-8DD4-E00F0F0E524D}.Debug|Any CPU.Build.0 = Debug|Any CPU
		{94042968-0A1F-4092-8DD4-E00F0F0E524D}.Release|Any CPU.ActiveCfg = Release|Any CPU
		{94042968-0A1F-4092-8DD4-E00F0F0E524D}.Release|Any CPU.Build.0 = Release|Any CPU
	EndGlobalSection
	GlobalSection(SolutionProperties) = preSolution
		HideSolutionNode = FALSE
	EndGlobalSection
	GlobalSection(ExtensibilityGlobals) = postSolution
		SolutionGuid = {EE3D49AD-DE11-4116-97CB-890E318A82D1}
	EndGlobalSection
EndGlobal
